
Microsoft Visual Studio Solution File, Format Version 12.00
# Visual Studio Version 17
VisualStudioVersion = 17.9.34701.34
MinimumVisualStudioVersion = 10.0.40219.1
Project("{FAE04EC0-301F-11D3-BF4B-00C04F79EFBC}") = "AliceShop", "AliceShop\AliceShop.csproj", "{CCFFC0DB-8A08-4A83-910C-65AF1C987974}"
EndProject
Global
	GlobalSection(SolutionConfigurationPlatforms) = preSolution
		Debug|Any CPU = Debug|Any CPU
		Release|Any CPU = Release|Any CPU
	EndGlobalSection
	GlobalSection(ProjectConfigurationPlatforms) = postSolution
		{CCFFC0DB-8A08-4A83-910C-65AF1C987974}.Debug|Any CPU.ActiveCfg = Debug|Any CPU
		{CCFFC0DB-8A08-4A83-910C-65AF1C987974}.Debug|Any CPU.Build.0 = Debug|Any CPU
		{CCFFC0DB-8A08-4A83-910C-65AF1C987974}.Release|Any CPU.ActiveCfg = Release|Any CPU
		{CCFFC0DB-8A08-4A83-910C-65AF1C987974}.Release|Any CPU.Build.0 = Release|Any CPU
	EndGlobalSection
	GlobalSection(SolutionProperties) = preSolution
		HideSolutionNode = FALSE
	EndGlobalSection
	GlobalSection(ExtensibilityGlobals) = postSolution
		SolutionGuid = {38D352DC-04D6-4788-960B-E0336DF7BEF0}
	EndGlobalSection
EndGlobal
